
Microsoft Visual Studio Solution File, Format Version 12.00
# Visual Studio Version 17
VisualStudioVersion = 17.8.34525.116
MinimumVisualStudioVersion = 10.0.40219.1
Project("{FAE04EC0-301F-11D3-BF4B-00C04F79EFBC}") = "PeopleBuyMobile", "PeopleBuyMobile.csproj", "{929B2382-C94C-423C-9F5A-0A30D516A7D9}"
EndProject
Global
	GlobalSection(SolutionConfigurationPlatforms) = preSolution
		Debug|Any CPU = Debug|Any CPU
		Release|Any CPU = Release|Any CPU
	EndGlobalSection
	GlobalSection(ProjectConfigurationPlatforms) = postSolution
		{929B2382-C94C-423C-9F5A-0A30D516A7D9}.Debug|Any CPU.ActiveCfg = Debug|Any CPU
		{929B2382-C94C-423C-9F5A-0A30D516A7D9}.Debug|Any CPU.Build.0 = Debug|Any CPU
		{929B2382-C94C-423C-9F5A-0A30D516A7D9}.Debug|Any CPU.Deploy.0 = Debug|Any CPU
		{929B2382-C94C-423C-9F5A-0A30D516A7D9}.Release|Any CPU.ActiveCfg = Release|Any CPU
		{929B2382-C94C-423C-9F5A-0A30D516A7D9}.Release|Any CPU.Build.0 = Release|Any CPU
		{929B2382-C94C-423C-9F5A-0A30D516A7D9}.Release|Any CPU.Deploy.0 = Release|Any CPU
	EndGlobalSection
	GlobalSection(SolutionProperties) = preSolution
		HideSolutionNode = FALSE
	EndGlobalSection
	GlobalSection(ExtensibilityGlobals) = postSolution
		SolutionGuid = {36C295C9-0911-43BD-BCF9-9A0A5A2DFB62}
	EndGlobalSection
EndGlobal
